
Microsoft Visual Studio Solution File, Format Version 12.00
# Visual Studio 2013
VisualStudioVersion = 12.0.21005.1
MinimumVisualStudioVersion = 10.0.40219.1
Project("{FAE04EC0-301F-11D3-BF4B-00C04F79EFBC}") = "SqlChangeDataLog", "SqlChangeDataLog\SqlChangeDataLog.csproj", "{DCEE9B25-1C77-4AE3-8851-332AC426FB67}"
EndProject
Project("{FAE04EC0-301F-11D3-BF4B-00C04F79EFBC}") = "SqlChangeDataLog.Web", "SqlChangeDataLog.Web\SqlChangeDataLog.Web.csproj", "{6936C925-B6B7-4ADE-B4FB-AFEC9BEB8793}"
EndProject
Project("{FAE04EC0-301F-11D3-BF4B-00C04F79EFBC}") = "SqlChangeDataLog.JS", "SqlChangeDataLog.JS\SqlChangeDataLog.JS.csproj", "{A0EB0FA1-BFF1-4D0D-BD41-918B6554BA39}"
EndProject
Project("{FAE04EC0-301F-11D3-BF4B-00C04F79EFBC}") = "SqlChangeDataLog.Tests", "SqlChangeDataLog.Tests\SqlChangeDataLog.Tests.csproj", "{C73A42A7-06C8-45D7-88F2-DCE3E65DB852}"
EndProject
Global
	GlobalSection(SolutionConfigurationPlatforms) = preSolution
		Debug|Any CPU = Debug|Any CPU
		Release|Any CPU = Release|Any CPU
	EndGlobalSection
	GlobalSection(ProjectConfigurationPlatforms) = postSolution
		{DCEE9B25-1C77-4AE3-8851-332AC426FB67}.Debug|Any CPU.ActiveCfg = Debug|Any CPU
		{DCEE9B25-1C77-4AE3-8851-332AC426FB67}.Debug|Any CPU.Build.0 = Debug|Any CPU
		{DCEE9B25-1C77-4AE3-8851-332AC426FB67}.Release|Any CPU.ActiveCfg = Release|Any CPU
		{DCEE9B25-1C77-4AE3-8851-332AC426FB67}.Release|Any CPU.Build.0 = Release|Any CPU
		{6936C925-B6B7-4ADE-B4FB-AFEC9BEB8793}.Debug|Any CPU.ActiveCfg = Debug|Any CPU
		{6936C925-B6B7-4ADE-B4FB-AFEC9BEB8793}.Debug|Any CPU.Build.0 = Debug|Any CPU
		{6936C925-B6B7-4ADE-B4FB-AFEC9BEB8793}.Release|Any CPU.ActiveCfg = Release|Any CPU
		{6936C925-B6B7-4ADE-B4FB-AFEC9BEB8793}.Release|Any CPU.Build.0 = Release|Any CPU
		{A0EB0FA1-BFF1-4D0D-BD41-918B6554BA39}.Debug|Any CPU.ActiveCfg = Debug|Any CPU
		{A0EB0FA1-BFF1-4D0D-BD41-918B6554BA39}.Debug|Any CPU.Build.0 = Debug|Any CPU
		{A0EB0FA1-BFF1-4D0D-BD41-918B6554BA39}.Release|Any CPU.ActiveCfg = Release|Any CPU
		{A0EB0FA1-BFF1-4D0D-BD41-918B6554BA39}.Release|Any CPU.Build.0 = Release|Any CPU
		{C73A42A7-06C8-45D7-88F2-DCE3E65DB852}.Debug|Any CPU.ActiveCfg = Debug|Any CPU
		{C73A42A7-06C8-45D7-88F2-DCE3E65DB852}.Debug|Any CPU.Build.0 = Debug|Any CPU
		{C73A42A7-06C8-45D7-88F2-DCE3E65DB852}.Release|Any CPU.ActiveCfg = Release|Any CPU
		{C73A42A7-06C8-45D7-88F2-DCE3E65DB852}.Release|Any CPU.Build.0 = Release|Any CPU
	EndGlobalSection
	GlobalSection(SolutionProperties) = preSolution
		HideSolutionNode = FALSE
	EndGlobalSection
EndGlobal
